
Microsoft Visual Studio Solution File, Format Version 12.00
# Visual Studio 2013
VisualStudioVersion = 12.0.31101.0
MinimumVisualStudioVersion = 10.0.40219.1
Project("{FAE04EC0-301F-11D3-BF4B-00C04F79EFBC}") = "StarshipGenerator", "StarshipGenerator.csproj", "{BB161626-1862-477C-98C5-91EE8385D156}"
EndProject
Project("{FAE04EC0-301F-11D3-BF4B-00C04F79EFBC}") = "StarshipTester", "StarshipTester\StarshipTester.csproj", "{3F096387-2835-4274-81CE-34B8A6525382}"
EndProject
Project("{FAE04EC0-301F-11D3-BF4B-00C04F79EFBC}") = "StarshipSheet", "..\StarshipSheet\StarshipSheet.csproj", "{7C41D08F-502C-4E41-A8CC-7C362AF2A2BD}"
EndProject
Global
	GlobalSection(SolutionConfigurationPlatforms) = preSolution
		Debug|Any CPU = Debug|Any CPU
		Release|Any CPU = Release|Any CPU
	EndGlobalSection
	GlobalSection(ProjectConfigurationPlatforms) = postSolution
		{BB161626-1862-477C-98C5-91EE8385D156}.Debug|Any CPU.ActiveCfg = Debug|Any CPU
		{BB161626-1862-477C-98C5-91EE8385D156}.Debug|Any CPU.Build.0 = Debug|Any CPU
		{BB161626-1862-477C-98C5-91EE8385D156}.Release|Any CPU.ActiveCfg = Release|Any CPU
		{BB161626-1862-477C-98C5-91EE8385D156}.Release|Any CPU.Build.0 = Release|Any CPU
		{3F096387-2835-4274-81CE-34B8A6525382}.Debug|Any CPU.ActiveCfg = Debug|Any CPU
		{3F096387-2835-4274-81CE-34B8A6525382}.Debug|Any CPU.Build.0 = Debug|Any CPU
		{3F096387-2835-4274-81CE-34B8A6525382}.Release|Any CPU.ActiveCfg = Release|Any CPU
		{3F096387-2835-4274-81CE-34B8A6525382}.Release|Any CPU.Build.0 = Release|Any CPU
		{7C41D08F-502C-4E41-A8CC-7C362AF2A2BD}.Debug|Any CPU.ActiveCfg = Debug|Any CPU
		{7C41D08F-502C-4E41-A8CC-7C362AF2A2BD}.Debug|Any CPU.Build.0 = Debug|Any CPU
		{7C41D08F-502C-4E41-A8CC-7C362AF2A2BD}.Release|Any CPU.ActiveCfg = Release|Any CPU
		{7C41D08F-502C-4E41-A8CC-7C362AF2A2BD}.Release|Any CPU.Build.0 = Release|Any CPU
	EndGlobalSection
	GlobalSection(SolutionProperties) = preSolution
		HideSolutionNode = FALSE
	EndGlobalSection
EndGlobal
